
Microsoft Visual Studio Solution File, Format Version 12.00
# Visual Studio Version 17
VisualStudioVersion = 17.2.32616.157
MinimumVisualStudioVersion = 10.0.40219.1
Project("{FAE04EC0-301F-11D3-BF4B-00C04F79EFBC}") = "OrdenesDeRetiroApp", "OrdenesDeRetiroApp\OrdenesDeRetiroApp.csproj", "{EC2333FA-55DB-451A-9A0F-364B7A156CFF}"
EndProject
Global
	GlobalSection(SolutionConfigurationPlatforms) = preSolution
		Debug|Any CPU = Debug|Any CPU
		Release|Any CPU = Release|Any CPU
	EndGlobalSection
	GlobalSection(ProjectConfigurationPlatforms) = postSolution
		{EC2333FA-55DB-451A-9A0F-364B7A156CFF}.Debug|Any CPU.ActiveCfg = Debug|Any CPU
		{EC2333FA-55DB-451A-9A0F-364B7A156CFF}.Debug|Any CPU.Build.0 = Debug|Any CPU
		{EC2333FA-55DB-451A-9A0F-364B7A156CFF}.Release|Any CPU.ActiveCfg = Release|Any CPU
		{EC2333FA-55DB-451A-9A0F-364B7A156CFF}.Release|Any CPU.Build.0 = Release|Any CPU
	EndGlobalSection
	GlobalSection(SolutionProperties) = preSolution
		HideSolutionNode = FALSE
	EndGlobalSection
	GlobalSection(ExtensibilityGlobals) = postSolution
		SolutionGuid = {76C2E893-DEB5-4C52-84A5-986D7384399B}
	EndGlobalSection
EndGlobal
